
Microsoft Visual Studio Solution File, Format Version 12.00
# Visual Studio Version 16
VisualStudioVersion = 16.0.33214.272
MinimumVisualStudioVersion = 10.0.40219.1
Project("{8BC9CEB8-8B4A-11D0-8D11-00A0C91BC942}") = "hw3_inclass", "hw3_inclass.vcxproj", "{7BF1C210-39B6-4A03-9EA1-A055B3FB7968}"
EndProject
Global
	GlobalSection(SolutionConfigurationPlatforms) = preSolution
		Debug|x64 = Debug|x64
		Debug|x86 = Debug|x86
		Release|x64 = Release|x64
		Release|x86 = Release|x86
	EndGlobalSection
	GlobalSection(ProjectConfigurationPlatforms) = postSolution
		{7BF1C210-39B6-4A03-9EA1-A055B3FB7968}.Debug|x64.ActiveCfg = Debug|x64
		{7BF1C210-39B6-4A03-9EA1-A055B3FB7968}.Debug|x64.Build.0 = Debug|x64
		{7BF1C210-39B6-4A03-9EA1-A055B3FB7968}.Debug|x86.ActiveCfg = Debug|Win32
		{7BF1C210-39B6-4A03-9EA1-A055B3FB7968}.Debug|x86.Build.0 = Debug|Win32
		{7BF1C210-39B6-4A03-9EA1-A055B3FB7968}.Release|x64.ActiveCfg = Release|x64
		{7BF1C210-39B6-4A03-9EA1-A055B3FB7968}.Release|x64.Build.0 = Release|x64
		{7BF1C210-39B6-4A03-9EA1-A055B3FB7968}.Release|x86.ActiveCfg = Release|Win32
		{7BF1C210-39B6-4A03-9EA1-A055B3FB7968}.Release|x86.Build.0 = Release|Win32
	EndGlobalSection
	GlobalSection(SolutionProperties) = preSolution
		HideSolutionNode = FALSE
	EndGlobalSection
	GlobalSection(ExtensibilityGlobals) = postSolution
		SolutionGuid = {FE632C61-AA8D-4C16-A622-631ADD209AFA}
	EndGlobalSection
EndGlobal
