
Microsoft Visual Studio Solution File, Format Version 12.00
# Visual Studio Version 16
VisualStudioVersion = 16.0.33214.272
MinimumVisualStudioVersion = 10.0.40219.1
Project("{8BC9CEB8-8B4A-11D0-8D11-00A0C91BC942}") = "hw6_inclass_2", "hw6_inclass_2.vcxproj", "{3ADC4F69-E213-46E6-8AF3-2657A764E964}"
EndProject
Global
	GlobalSection(SolutionConfigurationPlatforms) = preSolution
		Debug|x64 = Debug|x64
		Debug|x86 = Debug|x86
		Release|x64 = Release|x64
		Release|x86 = Release|x86
	EndGlobalSection
	GlobalSection(ProjectConfigurationPlatforms) = postSolution
		{3ADC4F69-E213-46E6-8AF3-2657A764E964}.Debug|x64.ActiveCfg = Debug|x64
		{3ADC4F69-E213-46E6-8AF3-2657A764E964}.Debug|x64.Build.0 = Debug|x64
		{3ADC4F69-E213-46E6-8AF3-2657A764E964}.Debug|x86.ActiveCfg = Debug|Win32
		{3ADC4F69-E213-46E6-8AF3-2657A764E964}.Debug|x86.Build.0 = Debug|Win32
		{3ADC4F69-E213-46E6-8AF3-2657A764E964}.Release|x64.ActiveCfg = Release|x64
		{3ADC4F69-E213-46E6-8AF3-2657A764E964}.Release|x64.Build.0 = Release|x64
		{3ADC4F69-E213-46E6-8AF3-2657A764E964}.Release|x86.ActiveCfg = Release|Win32
		{3ADC4F69-E213-46E6-8AF3-2657A764E964}.Release|x86.Build.0 = Release|Win32
	EndGlobalSection
	GlobalSection(SolutionProperties) = preSolution
		HideSolutionNode = FALSE
	EndGlobalSection
	GlobalSection(ExtensibilityGlobals) = postSolution
		SolutionGuid = {6098F77B-C984-49B5-8B81-E3E835582B58}
	EndGlobalSection
EndGlobal
