
Microsoft Visual Studio Solution File, Format Version 12.00
# Visual Studio Version 16
VisualStudioVersion = 16.0.33214.272
MinimumVisualStudioVersion = 10.0.40219.1
Project("{8BC9CEB8-8B4A-11D0-8D11-00A0C91BC942}") = "hw4_inclass", "hw4_inclass.vcxproj", "{0B4AFB89-A6ED-4536-8390-8952E20A5BBE}"
EndProject
Global
	GlobalSection(SolutionConfigurationPlatforms) = preSolution
		Debug|x64 = Debug|x64
		Debug|x86 = Debug|x86
		Release|x64 = Release|x64
		Release|x86 = Release|x86
	EndGlobalSection
	GlobalSection(ProjectConfigurationPlatforms) = postSolution
		{0B4AFB89-A6ED-4536-8390-8952E20A5BBE}.Debug|x64.ActiveCfg = Debug|x64
		{0B4AFB89-A6ED-4536-8390-8952E20A5BBE}.Debug|x64.Build.0 = Debug|x64
		{0B4AFB89-A6ED-4536-8390-8952E20A5BBE}.Debug|x86.ActiveCfg = Debug|Win32
		{0B4AFB89-A6ED-4536-8390-8952E20A5BBE}.Debug|x86.Build.0 = Debug|Win32
		{0B4AFB89-A6ED-4536-8390-8952E20A5BBE}.Release|x64.ActiveCfg = Release|x64
		{0B4AFB89-A6ED-4536-8390-8952E20A5BBE}.Release|x64.Build.0 = Release|x64
		{0B4AFB89-A6ED-4536-8390-8952E20A5BBE}.Release|x86.ActiveCfg = Release|Win32
		{0B4AFB89-A6ED-4536-8390-8952E20A5BBE}.Release|x86.Build.0 = Release|Win32
	EndGlobalSection
	GlobalSection(SolutionProperties) = preSolution
		HideSolutionNode = FALSE
	EndGlobalSection
	GlobalSection(ExtensibilityGlobals) = postSolution
		SolutionGuid = {C36D9868-C021-4FBD-BC90-8E592D920810}
	EndGlobalSection
EndGlobal
